
Microsoft Visual Studio Solution File, Format Version 12.00
# Visual Studio Version 17
VisualStudioVersion = 17.5.2.0
MinimumVisualStudioVersion = 10.0.40219.1
Project("{FAE04EC0-301F-11D3-BF4B-00C04F79EFBC}") = "SnakeTutorial", "SnakeTutorial\SnakeTutorial.csproj", "{F596E90F-DAEC-1BE7-EB7D-0D448953EC7C}"
EndProject
Project("{FAE04EC0-301F-11D3-BF4B-00C04F79EFBC}") = "MonoGameLibrary", "MonoGameLibrary\MonoGameLibrary.csproj", "{96D61E94-3AB6-4C0C-ACD5-163B33F62535}"
EndProject
Global
	GlobalSection(SolutionConfigurationPlatforms) = preSolution
		Debug|Any CPU = Debug|Any CPU
		Debug|x64 = Debug|x64
		Debug|x86 = Debug|x86
		Release|Any CPU = Release|Any CPU
		Release|x64 = Release|x64
		Release|x86 = Release|x86
	EndGlobalSection
	GlobalSection(ProjectConfigurationPlatforms) = postSolution
		{F596E90F-DAEC-1BE7-EB7D-0D448953EC7C}.Debug|Any CPU.ActiveCfg = Debug|Any CPU
		{F596E90F-DAEC-1BE7-EB7D-0D448953EC7C}.Debug|Any CPU.Build.0 = Debug|Any CPU
		{F596E90F-DAEC-1BE7-EB7D-0D448953EC7C}.Debug|x64.ActiveCfg = Debug|Any CPU
		{F596E90F-DAEC-1BE7-EB7D-0D448953EC7C}.Debug|x64.Build.0 = Debug|Any CPU
		{F596E90F-DAEC-1BE7-EB7D-0D448953EC7C}.Debug|x86.ActiveCfg = Debug|Any CPU
		{F596E90F-DAEC-1BE7-EB7D-0D448953EC7C}.Debug|x86.Build.0 = Debug|Any CPU
		{F596E90F-DAEC-1BE7-EB7D-0D448953EC7C}.Release|Any CPU.ActiveCfg = Release|Any CPU
		{F596E90F-DAEC-1BE7-EB7D-0D448953EC7C}.Release|Any CPU.Build.0 = Release|Any CPU
		{F596E90F-DAEC-1BE7-EB7D-0D448953EC7C}.Release|x64.ActiveCfg = Release|Any CPU
		{F596E90F-DAEC-1BE7-EB7D-0D448953EC7C}.Release|x64.Build.0 = Release|Any CPU
		{F596E90F-DAEC-1BE7-EB7D-0D448953EC7C}.Release|x86.ActiveCfg = Release|Any CPU
		{F596E90F-DAEC-1BE7-EB7D-0D448953EC7C}.Release|x86.Build.0 = Release|Any CPU
		{96D61E94-3AB6-4C0C-ACD5-163B33F62535}.Debug|Any CPU.ActiveCfg = Debug|Any CPU
		{96D61E94-3AB6-4C0C-ACD5-163B33F62535}.Debug|Any CPU.Build.0 = Debug|Any CPU
		{96D61E94-3AB6-4C0C-ACD5-163B33F62535}.Debug|x64.ActiveCfg = Debug|Any CPU
		{96D61E94-3AB6-4C0C-ACD5-163B33F62535}.Debug|x64.Build.0 = Debug|Any CPU
		{96D61E94-3AB6-4C0C-ACD5-163B33F62535}.Debug|x86.ActiveCfg = Debug|Any CPU
		{96D61E94-3AB6-4C0C-ACD5-163B33F62535}.Debug|x86.Build.0 = Debug|Any CPU
		{96D61E94-3AB6-4C0C-ACD5-163B33F62535}.Release|Any CPU.ActiveCfg = Release|Any CPU
		{96D61E94-3AB6-4C0C-ACD5-163B33F62535}.Release|Any CPU.Build.0 = Release|Any CPU
		{96D61E94-3AB6-4C0C-ACD5-163B33F62535}.Release|x64.ActiveCfg = Release|Any CPU
		{96D61E94-3AB6-4C0C-ACD5-163B33F62535}.Release|x64.Build.0 = Release|Any CPU
		{96D61E94-3AB6-4C0C-ACD5-163B33F62535}.Release|x86.ActiveCfg = Release|Any CPU
		{96D61E94-3AB6-4C0C-ACD5-163B33F62535}.Release|x86.Build.0 = Release|Any CPU
	EndGlobalSection
	GlobalSection(SolutionProperties) = preSolution
		HideSolutionNode = FALSE
	EndGlobalSection
	GlobalSection(ExtensibilityGlobals) = postSolution
		SolutionGuid = {7EC620C1-83A8-41B9-8670-5BEBAFB56D32}
	EndGlobalSection
EndGlobal
